
Microsoft Visual Studio Solution File, Format Version 12.00
# Visual Studio Version 17
VisualStudioVersion = 17.0.31717.71
MinimumVisualStudioVersion = 10.0.40219.1
Project("{2150E333-8FDC-42A3-9474-1A3956D46DE8}") = "Host", "Host", "{68695B40-E6DE-41A5-8C90-1695BB21CF9A}"
EndProject
Project("{FAE04EC0-301F-11D3-BF4B-00C04F79EFBC}") = "API", "API\API.csproj", "{1C65000F-A0DE-4C2A-8288-43F56EDDF234}"
EndProject
Project("{2150E333-8FDC-42A3-9474-1A3956D46DE8}") = "Modules", "Modules", "{D446E9DB-3D8B-4515-9C2D-4BF66DA81753}"
EndProject
Project("{2150E333-8FDC-42A3-9474-1A3956D46DE8}") = "EPP", "EPP", "{DE1B92F3-9B91-4B49-8801-412AE021E377}"
EndProject
Project("{2150E333-8FDC-42A3-9474-1A3956D46DE8}") = "BIT", "BIT", "{78F621DA-48E5-4F10-BD57-B627665374F0}"
EndProject
Project("{2150E333-8FDC-42A3-9474-1A3956D46DE8}") = "Shared", "Shared", "{B3B844C8-0F37-4149-A461-E9381290D57C}"
EndProject
Project("{FAE04EC0-301F-11D3-BF4B-00C04F79EFBC}") = "ETS.Shared.Core", "ETS.Shared.Core\ETS.Shared.Core.csproj", "{F33E60DE-A0EE-464C-BF8A-C2E7113D1779}"
EndProject
Project("{FAE04EC0-301F-11D3-BF4B-00C04F79EFBC}") = "ETS.Shared.Models", "ETS.Shared.Models\ETS.Shared.Models.csproj", "{8D6409A3-5398-45C5-B4FF-55887033B30B}"
EndProject
Project("{FAE04EC0-301F-11D3-BF4B-00C04F79EFBC}") = "ETS.Shared.Infrastructure", "ETS.Shared.Infrastructure\ETS.Shared.Infrastructure.csproj", "{87690182-12AB-4751-BF32-4477157E4312}"
EndProject
Project("{FAE04EC0-301F-11D3-BF4B-00C04F79EFBC}") = "ETS.Module.EPP", "ETS.Module.EPP\ETS.Module.EPP.csproj", "{98F02E3C-EAF1-44AD-AA40-2732A03B6F00}"
EndProject
Project("{FAE04EC0-301F-11D3-BF4B-00C04F79EFBC}") = "ETS.Module.EPP.Core", "ETS.Module.EPP.Core\ETS.Module.EPP.Core.csproj", "{E2075DB7-8E0B-4CB2-970A-170078C650C4}"
EndProject
Project("{FAE04EC0-301F-11D3-BF4B-00C04F79EFBC}") = "ETS.Module.EPP.Infrastructure", "ETS.Module.EPP.Infrastructure\ETS.Module.EPP.Infrastructure.csproj", "{5C95E207-2E3E-418C-AE45-D22EB417706E}"
EndProject
Project("{FAE04EC0-301F-11D3-BF4B-00C04F79EFBC}") = "ETS.Module.BIT", "ETS.Module.BIT\ETS.Module.BIT.csproj", "{E9226B13-BDEB-4B2E-86A8-04200048E2BE}"
EndProject
Project("{FAE04EC0-301F-11D3-BF4B-00C04F79EFBC}") = "ETS.Module.BIT.Core", "ETS.Module.BIT.Core\ETS.Module.BIT.Core.csproj", "{3E4006D5-B50A-4E90-B41C-C8FC60675481}"
EndProject
Project("{FAE04EC0-301F-11D3-BF4B-00C04F79EFBC}") = "ETS.Module.BIT.Infrastructure", "ETS.Module.BIT.Infrastructure\ETS.Module.BIT.Infrastructure.csproj", "{12317C4F-0855-434B-98FF-EBC22BB10777}"
EndProject
Global
	GlobalSection(SolutionConfigurationPlatforms) = preSolution
		Debug|Any CPU = Debug|Any CPU
		Release|Any CPU = Release|Any CPU
	EndGlobalSection
	GlobalSection(ProjectConfigurationPlatforms) = postSolution
		{1C65000F-A0DE-4C2A-8288-43F56EDDF234}.Debug|Any CPU.ActiveCfg = Debug|Any CPU
		{1C65000F-A0DE-4C2A-8288-43F56EDDF234}.Debug|Any CPU.Build.0 = Debug|Any CPU
		{1C65000F-A0DE-4C2A-8288-43F56EDDF234}.Release|Any CPU.ActiveCfg = Release|Any CPU
		{1C65000F-A0DE-4C2A-8288-43F56EDDF234}.Release|Any CPU.Build.0 = Release|Any CPU
		{F33E60DE-A0EE-464C-BF8A-C2E7113D1779}.Debug|Any CPU.ActiveCfg = Debug|Any CPU
		{F33E60DE-A0EE-464C-BF8A-C2E7113D1779}.Debug|Any CPU.Build.0 = Debug|Any CPU
		{F33E60DE-A0EE-464C-BF8A-C2E7113D1779}.Release|Any CPU.ActiveCfg = Release|Any CPU
		{F33E60DE-A0EE-464C-BF8A-C2E7113D1779}.Release|Any CPU.Build.0 = Release|Any CPU
		{8D6409A3-5398-45C5-B4FF-55887033B30B}.Debug|Any CPU.ActiveCfg = Debug|Any CPU
		{8D6409A3-5398-45C5-B4FF-55887033B30B}.Debug|Any CPU.Build.0 = Debug|Any CPU
		{8D6409A3-5398-45C5-B4FF-55887033B30B}.Release|Any CPU.ActiveCfg = Release|Any CPU
		{8D6409A3-5398-45C5-B4FF-55887033B30B}.Release|Any CPU.Build.0 = Release|Any CPU
		{87690182-12AB-4751-BF32-4477157E4312}.Debug|Any CPU.ActiveCfg = Debug|Any CPU
		{87690182-12AB-4751-BF32-4477157E4312}.Debug|Any CPU.Build.0 = Debug|Any CPU
		{87690182-12AB-4751-BF32-4477157E4312}.Release|Any CPU.ActiveCfg = Release|Any CPU
		{87690182-12AB-4751-BF32-4477157E4312}.Release|Any CPU.Build.0 = Release|Any CPU
		{98F02E3C-EAF1-44AD-AA40-2732A03B6F00}.Debug|Any CPU.ActiveCfg = Debug|Any CPU
		{98F02E3C-EAF1-44AD-AA40-2732A03B6F00}.Debug|Any CPU.Build.0 = Debug|Any CPU
		{98F02E3C-EAF1-44AD-AA40-2732A03B6F00}.Release|Any CPU.ActiveCfg = Release|Any CPU
		{98F02E3C-EAF1-44AD-AA40-2732A03B6F00}.Release|Any CPU.Build.0 = Release|Any CPU
		{E2075DB7-8E0B-4CB2-970A-170078C650C4}.Debug|Any CPU.ActiveCfg = Debug|Any CPU
		{E2075DB7-8E0B-4CB2-970A-170078C650C4}.Debug|Any CPU.Build.0 = Debug|Any CPU
		{E2075DB7-8E0B-4CB2-970A-170078C650C4}.Release|Any CPU.ActiveCfg = Release|Any CPU
		{E2075DB7-8E0B-4CB2-970A-170078C650C4}.Release|Any CPU.Build.0 = Release|Any CPU
		{5C95E207-2E3E-418C-AE45-D22EB417706E}.Debug|Any CPU.ActiveCfg = Debug|Any CPU
		{5C95E207-2E3E-418C-AE45-D22EB417706E}.Debug|Any CPU.Build.0 = Debug|Any CPU
		{5C95E207-2E3E-418C-AE45-D22EB417706E}.Release|Any CPU.ActiveCfg = Release|Any CPU
		{5C95E207-2E3E-418C-AE45-D22EB417706E}.Release|Any CPU.Build.0 = Release|Any CPU
		{E9226B13-BDEB-4B2E-86A8-04200048E2BE}.Debug|Any CPU.ActiveCfg = Debug|Any CPU
		{E9226B13-BDEB-4B2E-86A8-04200048E2BE}.Debug|Any CPU.Build.0 = Debug|Any CPU
		{E9226B13-BDEB-4B2E-86A8-04200048E2BE}.Release|Any CPU.ActiveCfg = Release|Any CPU
		{E9226B13-BDEB-4B2E-86A8-04200048E2BE}.Release|Any CPU.Build.0 = Release|Any CPU
		{3E4006D5-B50A-4E90-B41C-C8FC60675481}.Debug|Any CPU.ActiveCfg = Debug|Any CPU
		{3E4006D5-B50A-4E90-B41C-C8FC60675481}.Debug|Any CPU.Build.0 = Debug|Any CPU
		{3E4006D5-B50A-4E90-B41C-C8FC60675481}.Release|Any CPU.ActiveCfg = Release|Any CPU
		{3E4006D5-B50A-4E90-B41C-C8FC60675481}.Release|Any CPU.Build.0 = Release|Any CPU
		{12317C4F-0855-434B-98FF-EBC22BB10777}.Debug|Any CPU.ActiveCfg = Debug|Any CPU
		{12317C4F-0855-434B-98FF-EBC22BB10777}.Debug|Any CPU.Build.0 = Debug|Any CPU
		{12317C4F-0855-434B-98FF-EBC22BB10777}.Release|Any CPU.ActiveCfg = Release|Any CPU
		{12317C4F-0855-434B-98FF-EBC22BB10777}.Release|Any CPU.Build.0 = Release|Any CPU
	EndGlobalSection
	GlobalSection(SolutionProperties) = preSolution
		HideSolutionNode = FALSE
	EndGlobalSection
	GlobalSection(NestedProjects) = preSolution
		{1C65000F-A0DE-4C2A-8288-43F56EDDF234} = {68695B40-E6DE-41A5-8C90-1695BB21CF9A}
		{DE1B92F3-9B91-4B49-8801-412AE021E377} = {D446E9DB-3D8B-4515-9C2D-4BF66DA81753}
		{78F621DA-48E5-4F10-BD57-B627665374F0} = {D446E9DB-3D8B-4515-9C2D-4BF66DA81753}
		{F33E60DE-A0EE-464C-BF8A-C2E7113D1779} = {B3B844C8-0F37-4149-A461-E9381290D57C}
		{8D6409A3-5398-45C5-B4FF-55887033B30B} = {B3B844C8-0F37-4149-A461-E9381290D57C}
		{87690182-12AB-4751-BF32-4477157E4312} = {B3B844C8-0F37-4149-A461-E9381290D57C}
		{98F02E3C-EAF1-44AD-AA40-2732A03B6F00} = {DE1B92F3-9B91-4B49-8801-412AE021E377}
		{E2075DB7-8E0B-4CB2-970A-170078C650C4} = {DE1B92F3-9B91-4B49-8801-412AE021E377}
		{5C95E207-2E3E-418C-AE45-D22EB417706E} = {DE1B92F3-9B91-4B49-8801-412AE021E377}
		{E9226B13-BDEB-4B2E-86A8-04200048E2BE} = {78F621DA-48E5-4F10-BD57-B627665374F0}
		{3E4006D5-B50A-4E90-B41C-C8FC60675481} = {78F621DA-48E5-4F10-BD57-B627665374F0}
		{12317C4F-0855-434B-98FF-EBC22BB10777} = {78F621DA-48E5-4F10-BD57-B627665374F0}
	EndGlobalSection
	GlobalSection(ExtensibilityGlobals) = postSolution
		SolutionGuid = {68CAA389-45DE-4720-B0C5-D661EA1FAE89}
	EndGlobalSection
EndGlobal
